
Microsoft Visual Studio Solution File, Format Version 12.00
# Visual Studio 15
VisualStudioVersion = 15.0.28307.168
MinimumVisualStudioVersion = 10.0.40219.1
Project("{FAE04EC0-301F-11D3-BF4B-00C04F79EFBC}") = "GenericDrill", "GenericDrill\GenericDrill.csproj", "{FA23248C-EC90-4139-9935-A66174A95A12}"
EndProject
Global
	GlobalSection(SolutionConfigurationPlatforms) = preSolution
		Debug|Any CPU = Debug|Any CPU
		Release|Any CPU = Release|Any CPU
	EndGlobalSection
	GlobalSection(ProjectConfigurationPlatforms) = postSolution
		{FA23248C-EC90-4139-9935-A66174A95A12}.Debug|Any CPU.ActiveCfg = Debug|Any CPU
		{FA23248C-EC90-4139-9935-A66174A95A12}.Debug|Any CPU.Build.0 = Debug|Any CPU
		{FA23248C-EC90-4139-9935-A66174A95A12}.Release|Any CPU.ActiveCfg = Release|Any CPU
		{FA23248C-EC90-4139-9935-A66174A95A12}.Release|Any CPU.Build.0 = Release|Any CPU
	EndGlobalSection
	GlobalSection(SolutionProperties) = preSolution
		HideSolutionNode = FALSE
	EndGlobalSection
	GlobalSection(ExtensibilityGlobals) = postSolution
		SolutionGuid = {16FC63FD-36CA-4C10-8D30-D2F18BBB8042}
	EndGlobalSection
EndGlobal
