
Microsoft Visual Studio Solution File, Format Version 12.00
# Visual Studio 15
VisualStudioVersion = 15.0.28307.168
MinimumVisualStudioVersion = 10.0.40219.1
Project("{FAE04EC0-301F-11D3-BF4B-00C04F79EFBC}") = "MethodDrill", "MethodDrill\MethodDrill.csproj", "{B20DF48E-23F9-48FB-84F6-27174740EBC3}"
EndProject
Global
	GlobalSection(SolutionConfigurationPlatforms) = preSolution
		Debug|Any CPU = Debug|Any CPU
		Release|Any CPU = Release|Any CPU
	EndGlobalSection
	GlobalSection(ProjectConfigurationPlatforms) = postSolution
		{B20DF48E-23F9-48FB-84F6-27174740EBC3}.Debug|Any CPU.ActiveCfg = Debug|Any CPU
		{B20DF48E-23F9-48FB-84F6-27174740EBC3}.Debug|Any CPU.Build.0 = Debug|Any CPU
		{B20DF48E-23F9-48FB-84F6-27174740EBC3}.Release|Any CPU.ActiveCfg = Release|Any CPU
		{B20DF48E-23F9-48FB-84F6-27174740EBC3}.Release|Any CPU.Build.0 = Release|Any CPU
	EndGlobalSection
	GlobalSection(SolutionProperties) = preSolution
		HideSolutionNode = FALSE
	EndGlobalSection
	GlobalSection(ExtensibilityGlobals) = postSolution
		SolutionGuid = {6C8C7ADE-C2C8-456B-91F3-4FA7E7D29C8B}
	EndGlobalSection
EndGlobal
