
Microsoft Visual Studio Solution File, Format Version 12.00
# Visual Studio 15
VisualStudioVersion = 15.0.28307.168
MinimumVisualStudioVersion = 10.0.40219.1
Project("{FAE04EC0-301F-11D3-BF4B-00C04F79EFBC}") = "ASP.Net1", "ASP.Net1\ASP.Net1.csproj", "{71095F6B-EE10-4DB3-9870-AA24320EF6B5}"
EndProject
Global
	GlobalSection(SolutionConfigurationPlatforms) = preSolution
		Debug|Any CPU = Debug|Any CPU
		Release|Any CPU = Release|Any CPU
	EndGlobalSection
	GlobalSection(ProjectConfigurationPlatforms) = postSolution
		{71095F6B-EE10-4DB3-9870-AA24320EF6B5}.Debug|Any CPU.ActiveCfg = Debug|Any CPU
		{71095F6B-EE10-4DB3-9870-AA24320EF6B5}.Debug|Any CPU.Build.0 = Debug|Any CPU
		{71095F6B-EE10-4DB3-9870-AA24320EF6B5}.Release|Any CPU.ActiveCfg = Release|Any CPU
		{71095F6B-EE10-4DB3-9870-AA24320EF6B5}.Release|Any CPU.Build.0 = Release|Any CPU
	EndGlobalSection
	GlobalSection(SolutionProperties) = preSolution
		HideSolutionNode = FALSE
	EndGlobalSection
	GlobalSection(ExtensibilityGlobals) = postSolution
		SolutionGuid = {E2F33841-EB9B-4017-8C2C-135831C251A2}
	EndGlobalSection
EndGlobal
