
Microsoft Visual Studio Solution File, Format Version 12.00
# Visual Studio 15
VisualStudioVersion = 15.0.28307.168
MinimumVisualStudioVersion = 10.0.40219.1
Project("{FAE04EC0-301F-11D3-BF4B-00C04F79EFBC}") = "Struct", "Struct\Struct.csproj", "{9D270842-B23B-455F-BA1E-DE229DE84DB3}"
EndProject
Global
	GlobalSection(SolutionConfigurationPlatforms) = preSolution
		Debug|Any CPU = Debug|Any CPU
		Release|Any CPU = Release|Any CPU
	EndGlobalSection
	GlobalSection(ProjectConfigurationPlatforms) = postSolution
		{9D270842-B23B-455F-BA1E-DE229DE84DB3}.Debug|Any CPU.ActiveCfg = Debug|Any CPU
		{9D270842-B23B-455F-BA1E-DE229DE84DB3}.Debug|Any CPU.Build.0 = Debug|Any CPU
		{9D270842-B23B-455F-BA1E-DE229DE84DB3}.Release|Any CPU.ActiveCfg = Release|Any CPU
		{9D270842-B23B-455F-BA1E-DE229DE84DB3}.Release|Any CPU.Build.0 = Release|Any CPU
	EndGlobalSection
	GlobalSection(SolutionProperties) = preSolution
		HideSolutionNode = FALSE
	EndGlobalSection
	GlobalSection(ExtensibilityGlobals) = postSolution
		SolutionGuid = {F23F3CCC-8337-4C32-A4D1-5FA51FB89AF8}
	EndGlobalSection
EndGlobal
